
Microsoft Visual Studio Solution File, Format Version 12.00
# Visual Studio 15
VisualStudioVersion = 15.0.28307.902
MinimumVisualStudioVersion = 10.0.40219.1
Project("{FAE04EC0-301F-11D3-BF4B-00C04F79EFBC}") = "WinForms.MessageBox", "WinForms.MessageBox.csproj", "{C3BF0688-785C-491D-8B95-5F5A8EAA1C4C}"
EndProject
Global
	GlobalSection(SolutionConfigurationPlatforms) = preSolution
		Debug|Any CPU = Debug|Any CPU
		Release|Any CPU = Release|Any CPU
	EndGlobalSection
	GlobalSection(ProjectConfigurationPlatforms) = postSolution
		{C3BF0688-785C-491D-8B95-5F5A8EAA1C4C}.Debug|Any CPU.ActiveCfg = Debug|Any CPU
		{C3BF0688-785C-491D-8B95-5F5A8EAA1C4C}.Debug|Any CPU.Build.0 = Debug|Any CPU
		{C3BF0688-785C-491D-8B95-5F5A8EAA1C4C}.Release|Any CPU.ActiveCfg = Release|Any CPU
		{C3BF0688-785C-491D-8B95-5F5A8EAA1C4C}.Release|Any CPU.Build.0 = Release|Any CPU
	EndGlobalSection
	GlobalSection(SolutionProperties) = preSolution
		HideSolutionNode = FALSE
	EndGlobalSection
	GlobalSection(ExtensibilityGlobals) = postSolution
		SolutionGuid = {F3DC8179-9442-4481-9F0D-659AD40C4F23}
	EndGlobalSection
EndGlobal
